# THIS IS AN AUTOGENERATED FILE. DO NOT EDIT THIS FILE DIRECTLY.
# yarn lockfile v1


"@tensorflow/tfjs-converter@1.1.2":
  version "1.1.2"
  resolved "https://registry.yarnpkg.com/@tensorflow/tfjs-converter/-/tfjs-converter-1.1.2.tgz#2400ac77b30f973f1fcb26c912b28271f7f4d605"

"@tensorflow/tfjs-core@1.1.2":
  version "1.1.2"
  resolved "https://registry.yarnpkg.com/@tensorflow/tfjs-core/-/tfjs-core-1.1.2.tgz#efb8b3688fbff353e51d41a3d832dde8c1bc321d"
  dependencies:
    "@types/seedrandom" "2.4.27"
    "@types/webgl-ext" "0.0.30"
    "@types/webgl2" "0.0.4"
    node-fetch "~2.1.2"
    seedrandom "2.4.3"
  optionalDependencies:
    rollup-plugin-visualizer "~1.1.1"

"@tensorflow/tfjs-data@1.1.2":
  version "1.1.2"
  resolved "https://registry.yarnpkg.com/@tensorflow/tfjs-data/-/tfjs-data-1.1.2.tgz#f37809aa89946a834f3566bd090db852f2c4244e"
  dependencies:
    "@types/node-fetch" "^2.1.2"
    node-fetch "~2.1.2"

"@tensorflow/tfjs-layers@1.1.2":
  version "1.1.2"
  resolved "https://registry.yarnpkg.com/@tensorflow/tfjs-layers/-/tfjs-layers-1.1.2.tgz#29393221446a877962b71084305597295504801e"

"@tensorflow/tfjs@^1.1.2":
  version "1.1.2"
  resolved "https://registry.yarnpkg.com/@tensorflow/tfjs/-/tfjs-1.1.2.tgz#9a1c2bbc4d82f9d18f250ab4a4d7c8ad43e2d432"
  dependencies:
    "@tensorflow/tfjs-converter" "1.1.2"
    "@tensorflow/tfjs-core" "1.1.2"
    "@tensorflow/tfjs-data" "1.1.2"
    "@tensorflow/tfjs-layers" "1.1.2"

"@types/node-fetch@^2.1.2":
  version "2.3.4"
  resolved "https://registry.yarnpkg.com/@types/node-fetch/-/node-fetch-2.3.4.tgz#a46fc4fe9f94b491bf551b6bb7f0f493b9bacd1a"
  dependencies:
    "@types/node" "*"

"@types/node@*":
  version "12.0.4"
  resolved "https://registry.yarnpkg.com/@types/node/-/node-12.0.4.tgz#46832183115c904410c275e34cf9403992999c32"

"@types/seedrandom@2.4.27":
  version "2.4.27"
  resolved "https://registry.yarnpkg.com/@types/seedrandom/-/seedrandom-2.4.27.tgz#9db563937dd86915f69092bc43259d2f48578e41"

"@types/webgl-ext@0.0.30":
  version "0.0.30"
  resolved "https://registry.yarnpkg.com/@types/webgl-ext/-/webgl-ext-0.0.30.tgz#0ce498c16a41a23d15289e0b844d945b25f0fb9d"

"@types/webgl2@0.0.4":
  version "0.0.4"
  resolved "https://registry.yarnpkg.com/@types/webgl2/-/webgl2-0.0.4.tgz#c3b0f9d6b465c66138e84e64cb3bdf8373c2c279"

is-wsl@^1.1.0:
  version "1.1.0"
  resolved "https://registry.yarnpkg.com/is-wsl/-/is-wsl-1.1.0.tgz#1f16e4aa22b04d1336b66188a66af3c600c3a66d"

minimist@0.0.8:
  version "0.0.8"
  resolved "https://registry.yarnpkg.com/minimist/-/minimist-0.0.8.tgz#857fcabfc3397d2625b8228262e86aa7a011b05d"

mkdirp@^0.5.1:
  version "0.5.1"
  resolved "https://registry.yarnpkg.com/mkdirp/-/mkdirp-0.5.1.tgz#30057438eac6cf7f8c4767f38648d6697d75c903"
  dependencies:
    minimist "0.0.8"

node-fetch@~2.1.2:
  version "2.1.2"
  resolved "https://registry.yarnpkg.com/node-fetch/-/node-fetch-2.1.2.tgz#ab884e8e7e57e38a944753cec706f788d1768bb5"

opn@^5.4.0:
  version "5.5.0"
  resolved "https://registry.yarnpkg.com/opn/-/opn-5.5.0.tgz#fc7164fab56d235904c51c3b27da6758ca3b9bfc"
  dependencies:
    is-wsl "^1.1.0"

rollup-plugin-visualizer@~1.1.1:
  version "1.1.1"
  resolved "https://registry.yarnpkg.com/rollup-plugin-visualizer/-/rollup-plugin-visualizer-1.1.1.tgz#454ae0aed23845407ebfb81cc52114af308d6d90"
  dependencies:
    mkdirp "^0.5.1"
    opn "^5.4.0"
    source-map "^0.7.3"
    typeface-oswald "0.0.54"

seedrandom@2.4.3:
  version "2.4.3"
  resolved "https://registry.yarnpkg.com/seedrandom/-/seedrandom-2.4.3.tgz#2438504dad33917314bff18ac4d794f16d6aaecc"

source-map@^0.7.3:
  version "0.7.3"
  resolved "https://registry.yarnpkg.com/source-map/-/source-map-0.7.3.tgz#5302f8169031735226544092e64981f751750383"

typeface-oswald@0.0.54:
  version "0.0.54"
  resolved "https://registry.yarnpkg.com/typeface-oswald/-/typeface-oswald-0.0.54.tgz#1e253011622cdd50f580c04e7d625e7f449763d7"
